PODS:
  - ProgressWebViewController (1.8.2)

DEPENDENCIES:
  - ProgressWebViewController (~> 1.8.0)

SPEC REPOS:
  https://github.com/cocoapods/specs.git:
    - ProgressWebViewController

SPEC CHECKSUMS:
  ProgressWebViewController: e29ded2c299cbe80f5c3d20b40b01871182ea014

PODFILE CHECKSUM: 51d2e8608782fe1de58890c184e1b3e23d951652

COCOAPODS: 1.6.1
