// !$*UTF8*$!
{
	archiveVersion = 1;
	classes = {
	};
	objectVersion = 50;
	objects = {

/* Begin PBXBuildFile section */
		412101292294524B0065FE9B /* SWRevealViewController.m in Sources */ = {isa = PBXBuildFile; fileRef = 412101282294524B0065FE9B /* SWRevealViewController.m */; };
		4121012B22945C7F0065FE9B /* MenuViewController.swift in Sources */ = {isa = PBXBuildFile; fileRef = 4121012A22945C7F0065FE9B /* MenuViewController.swift */; };
		46B2A5FE2291483A009B50FA /* AboutUsController.swift in Sources */ = {isa = PBXBuildFile; fileRef = 46B2A5FD2291483A009B50FA /* AboutUsController.swift */; };
		46BDB971228C6799005697E5 /* AppDelegate.swift in Sources */ = {isa = PBXBuildFile; fileRef = 46BDB970228C6799005697E5 /* AppDelegate.swift */; };
		46BDB973228C6799005697E5 /* ViewController.swift in Sources */ = {isa = PBXBuildFile; fileRef = 46BDB972228C6799005697E5 /* ViewController.swift */; };
		46BDB976228C6799005697E5 /* Main.storyboard in Resources */ = {isa = PBXBuildFile; fileRef = 46BDB974228C6799005697E5 /* Main.storyboard */; };
		46BDB978228C679A005697E5 /* Assets.xcassets in Resources */ = {isa = PBXBuildFile; fileRef = 46BDB977228C679A005697E5 /* Assets.xcassets */; };
		46BDB97B228C679A005697E5 /* LaunchScreen.storyboard in Resources */ = {isa = PBXBuildFile; fileRef = 46BDB979228C679A005697E5 /* LaunchScreen.storyboard */; };
		46BDB99F228C7F89005697E5 /* Colors.xcassets in Resources */ = {isa = PBXBuildFile; fileRef = 46BDB99E228C7F89005697E5 /* Colors.xcassets */; };
		46BDB9A4228C85A4005697E5 /* Strings.strings in Resources */ = {isa = PBXBuildFile; fileRef = 46BDB9A6228C85A4005697E5 /* Strings.strings */; };
		F6D235901D68CF89C0A4A046 /* Pods_CookieDough.framework in Frameworks */ = {isa = PBXBuildFile; fileRef = D830E7041BE6EF0CBE4D66CB /* Pods_CookieDough.framework */; };
/* End PBXBuildFile section */

/* Begin PBXFileReference section */
		1A01A01E72DD78FD8366B588 /* Pods-CookieDough.debug.xcconfig */ = {isa = PBXFileReference; includeInIndex = 1; lastKnownFileType = text.xcconfig; name = "Pods-CookieDough.debug.xcconfig"; path = "Pods/Target Support Files/Pods-CookieDough/Pods-CookieDough.debug.xcconfig"; sourceTree = "<group>"; };
		41210124229452300065FE9B /* CookieDough-Bridging-Header.h */ = {isa = PBXFileReference; lastKnownFileType = sourcecode.c.h; path = "CookieDough-Bridging-Header.h"; sourceTree = "<group>"; };
		412101272294524B0065FE9B /* SWRevealViewController.h */ = {isa = PBXFileReference; fileEncoding = 4; lastKnownFileType = sourcecode.c.h; path = SWRevealViewController.h; sourceTree = "<group>"; };
		412101282294524B0065FE9B /* SWRevealViewController.m */ = {isa = PBXFileReference; fileEncoding = 4; lastKnownFileType = sourcecode.c.objc; path = SWRevealViewController.m; sourceTree = "<group>"; };
		4121012A22945C7F0065FE9B /* MenuViewController.swift */ = {isa = PBXFileReference; lastKnownFileType = sourcecode.swift; path = MenuViewController.swift; sourceTree = "<group>"; };
		46B2A5FD2291483A009B50FA /* AboutUsController.swift */ = {isa = PBXFileReference; lastKnownFileType = sourcecode.swift; path = AboutUsController.swift; sourceTree = "<group>"; };
		46BDB96D228C6799005697E5 /* CookieDough.app */ = {isa = PBXFileReference; explicitFileType = wrapper.application; includeInIndex = 0; path = CookieDough.app; sourceTree = BUILT_PRODUCTS_DIR; };
		46BDB970228C6799005697E5 /* AppDelegate.swift */ = {isa = PBXFileReference; lastKnownFileType = sourcecode.swift; path = AppDelegate.swift; sourceTree = "<group>"; };
		46BDB972228C6799005697E5 /* ViewController.swift */ = {isa = PBXFileReference; lastKnownFileType = sourcecode.swift; path = ViewController.swift; sourceTree = "<group>"; };
		46BDB975228C6799005697E5 /* Base */ = {isa = PBXFileReference; lastKnownFileType = file.storyboard; name = Base; path = Base.lproj/Main.storyboard; sourceTree = "<group>"; };
		46BDB977228C679A005697E5 /* Assets.xcassets */ = {isa = PBXFileReference; lastKnownFileType = folder.assetcatalog; path = Assets.xcassets; sourceTree = "<group>"; };
		46BDB97A228C679A005697E5 /* Base */ = {isa = PBXFileReference; lastKnownFileType = file.storyboard; name = Base; path = Base.lproj/LaunchScreen.storyboard; sourceTree = "<group>"; };
		46BDB97C228C679A005697E5 /* Info.plist */ = {isa = PBXFileReference; lastKnownFileType = text.plist.xml; path = Info.plist; sourceTree = "<group>"; };
		46BDB99E228C7F89005697E5 /* Colors.xcassets */ = {isa = PBXFileReference; lastKnownFileType = folder.assetcatalog; path = Colors.xcassets; sourceTree = "<group>"; };
		46BDB9A5228C85A4005697E5 /* en */ = {isa = PBXFileReference; lastKnownFileType = text.plist.strings; name = en; path = en.lproj/Strings.strings; sourceTree = "<group>"; };
		D830E7041BE6EF0CBE4D66CB /* Pods_CookieDough.framework */ = {isa = PBXFileReference; explicitFileType = wrapper.framework; includeInIndex = 0; path = Pods_CookieDough.framework; sourceTree = BUILT_PRODUCTS_DIR; };
		DACF970D8874172CA1A8D414 /* Pods-CookieDough.release.xcconfig */ = {isa = PBXFileReference; includeInIndex = 1; lastKnownFileType = text.xcconfig; name = "Pods-CookieDough.release.xcconfig"; path = "Pods/Target Support Files/Pods-CookieDough/Pods-CookieDough.release.xcconfig"; sourceTree = "<group>"; };
/* End PBXFileReference section */

/* Begin PBXFrameworksBuildPhase section */
		46BDB96A228C6798005697E5 /* Frameworks */ = {
			isa = PBXFrameworksBuildPhase;
			buildActionMask = 2147483647;
			files = (
				F6D235901D68CF89C0A4A046 /* Pods_CookieDough.framework in Frameworks */,
			);
			runOnlyForDeploymentPostprocessing = 0;
		};
/* End PBXFrameworksBuildPhase section */

/* Begin PBXGroup section */
		089C257BB3EE9366B8CE00C1 /* Frameworks */ = {
			isa = PBXGroup;
			children = (
				D830E7041BE6EF0CBE4D66CB /* Pods_CookieDough.framework */,
			);
			name = Frameworks;
			sourceTree = "<group>";
		};
		46BDB964228C6798005697E5 = {
			isa = PBXGroup;
			children = (
				46BDB96F228C6799005697E5 /* CookieDough */,
				46BDB96E228C6799005697E5 /* Products */,
				A7246D750C283BADEA92C101 /* Pods */,
				089C257BB3EE9366B8CE00C1 /* Frameworks */,
			);
			sourceTree = "<group>";
		};
		46BDB96E228C6799005697E5 /* Products */ = {
			isa = PBXGroup;
			children = (
				46BDB96D228C6799005697E5 /* CookieDough.app */,
			);
			name = Products;
			sourceTree = "<group>";
		};
		46BDB96F228C6799005697E5 /* CookieDough */ = {
			isa = PBXGroup;
			children = (
				46BDB970228C6799005697E5 /* AppDelegate.swift */,
				412101272294524B0065FE9B /* SWRevealViewController.h */,
				412101282294524B0065FE9B /* SWRevealViewController.m */,
				46C53101228FEF9A00832A59 /* Controllers */,
				46BDB974228C6799005697E5 /* Main.storyboard */,
				46BDB977228C679A005697E5 /* Assets.xcassets */,
				46BDB99E228C7F89005697E5 /* Colors.xcassets */,
				46BDB979228C679A005697E5 /* LaunchScreen.storyboard */,
				46BDB97C228C679A005697E5 /* Info.plist */,
				46BDB9A6228C85A4005697E5 /* Strings.strings */,
				41210124229452300065FE9B /* CookieDough-Bridging-Header.h */,
			);
			path = CookieDough;
			sourceTree = "<group>";
		};
		46C53101228FEF9A00832A59 /* Controllers */ = {
			isa = PBXGroup;
			children = (
				46BDB972228C6799005697E5 /* ViewController.swift */,
				46B2A5FD2291483A009B50FA /* AboutUsController.swift */,
				4121012A22945C7F0065FE9B /* MenuViewController.swift */,
			);
			path = Controllers;
			sourceTree = "<group>";
		};
		A7246D750C283BADEA92C101 /* Pods */ = {
			isa = PBXGroup;
			children = (
				1A01A01E72DD78FD8366B588 /* Pods-CookieDough.debug.xcconfig */,
				DACF970D8874172CA1A8D414 /* Pods-CookieDough.release.xcconfig */,
			);
			name = Pods;
			sourceTree = "<group>";
		};
/* End PBXGroup section */

/* Begin PBXNativeTarget section */
		46BDB96C228C6798005697E5 /* CookieDough */ = {
			isa = PBXNativeTarget;
			buildConfigurationList = 46BDB995228C679A005697E5 /* Build configuration list for PBXNativeTarget "CookieDough" */;
			buildPhases = (
				15BC946E393808E139EE8CF2 /* [CP] Check Pods Manifest.lock */,
				46BDB969228C6798005697E5 /* Sources */,
				46BDB96A228C6798005697E5 /* Frameworks */,
				46BDB96B228C6798005697E5 /* Resources */,
				B6CC619F017D47D85818B39A /* [CP] Embed Pods Frameworks */,
			);
			buildRules = (
			);
			dependencies = (
			);
			name = CookieDough;
			productName = CookieDough;
			productReference = 46BDB96D228C6799005697E5 /* CookieDough.app */;
			productType = "com.apple.product-type.application";
		};
/* End PBXNativeTarget section */

/* Begin PBXProject section */
		46BDB965228C6798005697E5 /* Project object */ = {
			isa = PBXProject;
			attributes = {
				LastSwiftUpdateCheck = 1020;
				LastUpgradeCheck = 1020;
				ORGANIZATIONNAME = Zohaib;
				TargetAttributes = {
					46BDB96C228C6798005697E5 = {
						CreatedOnToolsVersion = 10.2;
						LastSwiftMigration = 1010;
					};
				};
			};
			buildConfigurationList = 46BDB968228C6798005697E5 /* Build configuration list for PBXProject "CookieDough" */;
			compatibilityVersion = "Xcode 9.3";
			developmentRegion = en;
			hasScannedForEncodings = 0;
			knownRegions = (
				en,
				Base,
			);
			mainGroup = 46BDB964228C6798005697E5;
			productRefGroup = 46BDB96E228C6799005697E5 /* Products */;
			projectDirPath = "";
			projectRoot = "";
			targets = (
				46BDB96C228C6798005697E5 /* CookieDough */,
			);
		};
/* End PBXProject section */

/* Begin PBXResourcesBuildPhase section */
		46BDB96B228C6798005697E5 /* Resources */ = {
			isa = PBXResourcesBuildPhase;
			buildActionMask = 2147483647;
			files = (
				46BDB97B228C679A005697E5 /* LaunchScreen.storyboard in Resources */,
				46BDB99F228C7F89005697E5 /* Colors.xcassets in Resources */,
				46BDB978228C679A005697E5 /* Assets.xcassets in Resources */,
				46BDB9A4228C85A4005697E5 /* Strings.strings in Resources */,
				46BDB976228C6799005697E5 /* Main.storyboard in Resources */,
			);
			runOnlyForDeploymentPostprocessing = 0;
		};
/* End PBXResourcesBuildPhase section */

/* Begin PBXShellScriptBuildPhase section */
		15BC946E393808E139EE8CF2 /* [CP] Check Pods Manifest.lock */ = {
			isa = PBXShellScriptBuildPhase;
			buildActionMask = 2147483647;
			files = (
			);
			inputPaths = (
				"${PODS_PODFILE_DIR_PATH}/Podfile.lock",
				"${PODS_ROOT}/Manifest.lock",
			);
			name = "[CP] Check Pods Manifest.lock";
			outputPaths = (
				"$(DERIVED_FILE_DIR)/Pods-CookieDough-checkManifestLockResult.txt",
			);
			runOnlyForDeploymentPostprocessing = 0;
			shellPath = /bin/sh;
			shellScript = "diff \"${PODS_PODFILE_DIR_PATH}/Podfile.lock\" \"${PODS_ROOT}/Manifest.lock\" > /dev/null\nif [ $? != 0 ] ; then\n    # print error to STDERR\n    echo \"error: The sandbox is not in sync with the Podfile.lock. Run 'pod install' or update your CocoaPods installation.\" >&2\n    exit 1\nfi\n# This output is used by Xcode 'outputs' to avoid re-running this script phase.\necho \"SUCCESS\" > \"${SCRIPT_OUTPUT_FILE_0}\"\n";
			showEnvVarsInLog = 0;
		};
		B6CC619F017D47D85818B39A /* [CP] Embed Pods Frameworks */ = {
			isa = PBXShellScriptBuildPhase;
			buildActionMask = 2147483647;
			files = (
			);
			inputPaths = (
				"${SRCROOT}/Pods/Target Support Files/Pods-CookieDough/Pods-CookieDough-frameworks.sh",
				"${BUILT_PRODUCTS_DIR}/ProgressWebViewController/ProgressWebViewController.framework",
			);
			name = "[CP] Embed Pods Frameworks";
			outputPaths = (
				"${TARGET_BUILD_DIR}/${FRAMEWORKS_FOLDER_PATH}/ProgressWebViewController.framework",
			);
			runOnlyForDeploymentPostprocessing = 0;
			shellPath = /bin/sh;
			shellScript = "\"${SRCROOT}/Pods/Target Support Files/Pods-CookieDough/Pods-CookieDough-frameworks.sh\"\n";
			showEnvVarsInLog = 0;
		};
/* End PBXShellScriptBuildPhase section */

/* Begin PBXSourcesBuildPhase section */
		46BDB969228C6798005697E5 /* Sources */ = {
			isa = PBXSourcesBuildPhase;
			buildActionMask = 2147483647;
			files = (
				46BDB973228C6799005697E5 /* ViewController.swift in Sources */,
				4121012B22945C7F0065FE9B /* MenuViewController.swift in Sources */,
				46B2A5FE2291483A009B50FA /* AboutUsController.swift in Sources */,
				46BDB971228C6799005697E5 /* AppDelegate.swift in Sources */,
				412101292294524B0065FE9B /* SWRevealViewController.m in Sources */,
			);
			runOnlyForDeploymentPostprocessing = 0;
		};
/* End PBXSourcesBuildPhase section */

/* Begin PBXVariantGroup section */
		46BDB974228C6799005697E5 /* Main.storyboard */ = {
			isa = PBXVariantGroup;
			children = (
				46BDB975228C6799005697E5 /* Base */,
			);
			name = Main.storyboard;
			sourceTree = "<group>";
		};
		46BDB979228C679A005697E5 /* LaunchScreen.storyboard */ = {
			isa = PBXVariantGroup;
			children = (
				46BDB97A228C679A005697E5 /* Base */,
			);
			name = LaunchScreen.storyboard;
			sourceTree = "<group>";
		};
		46BDB9A6228C85A4005697E5 /* Strings.strings */ = {
			isa = PBXVariantGroup;
			children = (
				46BDB9A5228C85A4005697E5 /* en */,
			);
			name = Strings.strings;
			sourceTree = "<group>";
		};
/* End PBXVariantGroup section */

/* Begin XCBuildConfiguration section */
		46BDB993228C679A005697E5 /* Debug */ = {
			isa = XCBuildConfiguration;
			buildSettings = {
				ALWAYS_SEARCH_USER_PATHS = NO;
				CLANG_ANALYZER_LOCALIZABILITY_NONLOCALIZED = YES;
				CLANG_ANALYZER_NONNULL = YES;
				CLANG_ANALYZER_NUMBER_OBJECT_CONVERSION = YES_AGGRESSIVE;
				CLANG_CXX_LANGUAGE_STANDARD = "gnu++14";
				CLANG_CXX_LIBRARY = "libc++";
				CLANG_ENABLE_MODULES = YES;
				CLANG_ENABLE_OBJC_ARC = YES;
				CLANG_ENABLE_OBJC_WEAK = YES;
				CLANG_WARN_BLOCK_CAPTURE_AUTORELEASING = YES;
				CLANG_WARN_BOOL_CONVERSION = YES;
				CLANG_WARN_COMMA = YES;
				CLANG_WARN_CONSTANT_CONVERSION = YES;
				CLANG_WARN_DEPRECATED_OBJC_IMPLEMENTATIONS = YES;
				CLANG_WARN_DIRECT_OBJC_ISA_USAGE = YES_ERROR;
				CLANG_WARN_DOCUMENTATION_COMMENTS = YES;
				CLANG_WARN_EMPTY_BODY = YES;
				CLANG_WARN_ENUM_CONVERSION = YES;
				CLANG_WARN_INFINITE_RECURSION = YES;
				CLANG_WARN_INT_CONVERSION = YES;
				CLANG_WARN_NON_LITERAL_NULL_CONVERSION = YES;
				CLANG_WARN_OBJC_IMPLICIT_RETAIN_SELF = YES;
				CLANG_WARN_OBJC_LITERAL_CONVERSION = YES;
				CLANG_WARN_OBJC_ROOT_CLASS = YES_ERROR;
				CLANG_WARN_RANGE_LOOP_ANALYSIS = YES;
				CLANG_WARN_STRICT_PROTOTYPES = YES;
				CLANG_WARN_SUSPICIOUS_MOVE = YES;
				CLANG_WARN_UNGUARDED_AVAILABILITY = YES_AGGRESSIVE;
				CLANG_WARN_UNREACHABLE_CODE = YES;
				CLANG_WARN__DUPLICATE_METHOD_MATCH = YES;
				CODE_SIGN_IDENTITY = "iPhone Developer";
				COPY_PHASE_STRIP = NO;
				DEBUG_INFORMATION_FORMAT = dwarf;
				ENABLE_STRICT_OBJC_MSGSEND = YES;
				ENABLE_TESTABILITY = YES;
				GCC_C_LANGUAGE_STANDARD = gnu11;
				GCC_DYNAMIC_NO_PIC = NO;
				GCC_NO_COMMON_BLOCKS = YES;
				GCC_OPTIMIZATION_LEVEL = 0;
				GCC_PREPROCESSOR_DEFINITIONS = (
					"DEBUG=1",
					"$(inherited)",
				);
				GCC_WARN_64_TO_32_BIT_CONVERSION = YES;
				GCC_WARN_ABOUT_RETURN_TYPE = YES_ERROR;
				GCC_WARN_UNDECLARED_SELECTOR = YES;
				GCC_WARN_UNINITIALIZED_AUTOS = YES_AGGRESSIVE;
				GCC_WARN_UNUSED_FUNCTION = YES;
				GCC_WARN_UNUSED_VARIABLE = YES;
				IPHONEOS_DEPLOYMENT_TARGET = 12.2;
				MTL_ENABLE_DEBUG_INFO = INCLUDE_SOURCE;
				MTL_FAST_MATH = YES;
				ONLY_ACTIVE_ARCH = YES;
				SDKROOT = iphoneos;
				SWIFT_ACTIVE_COMPILATION_CONDITIONS = DEBUG;
				SWIFT_OPTIMIZATION_LEVEL = "-Onone";
			};
			name = Debug;
		};
		46BDB994228C679A005697E5 /* Release */ = {
			isa = XCBuildConfiguration;
			buildSettings = {
				ALWAYS_SEARCH_USER_PATHS = NO;
				CLANG_ANALYZER_LOCALIZABILITY_NONLOCALIZED = YES;
				CLANG_ANALYZER_NONNULL = YES;
				CLANG_ANALYZER_NUMBER_OBJECT_CONVERSION = YES_AGGRESSIVE;
				CLANG_CXX_LANGUAGE_STANDARD = "gnu++14";
				CLANG_CXX_LIBRARY = "libc++";
				CLANG_ENABLE_MODULES = YES;
				CLANG_ENABLE_OBJC_ARC = YES;
				CLANG_ENABLE_OBJC_WEAK = YES;
				CLANG_WARN_BLOCK_CAPTURE_AUTORELEASING = YES;
				CLANG_WARN_BOOL_CONVERSION = YES;
				CLANG_WARN_COMMA = YES;
				CLANG_WARN_CONSTANT_CONVERSION = YES;
				CLANG_WARN_DEPRECATED_OBJC_IMPLEMENTATIONS = YES;
				CLANG_WARN_DIRECT_OBJC_ISA_USAGE = YES_ERROR;
				CLANG_WARN_DOCUMENTATION_COMMENTS = YES;
				CLANG_WARN_EMPTY_BODY = YES;
				CLANG_WARN_ENUM_CONVERSION = YES;
				CLANG_WARN_INFINITE_RECURSION = YES;
				CLANG_WARN_INT_CONVERSION = YES;
				CLANG_WARN_NON_LITERAL_NULL_CONVERSION = YES;
				CLANG_WARN_OBJC_IMPLICIT_RETAIN_SELF = YES;
				CLANG_WARN_OBJC_LITERAL_CONVERSION = YES;
				CLANG_WARN_OBJC_ROOT_CLASS = YES_ERROR;
				CLANG_WARN_RANGE_LOOP_ANALYSIS = YES;
				CLANG_WARN_STRICT_PROTOTYPES = YES;
				CLANG_WARN_SUSPICIOUS_MOVE = YES;
				CLANG_WARN_UNGUARDED_AVAILABILITY = YES_AGGRESSIVE;
				CLANG_WARN_UNREACHABLE_CODE = YES;
				CLANG_WARN__DUPLICATE_METHOD_MATCH = YES;
				CODE_SIGN_IDENTITY = "iPhone Developer";
				COPY_PHASE_STRIP = NO;
				DEBUG_INFORMATION_FORMAT = "dwarf-with-dsym";
				ENABLE_NS_ASSERTIONS = NO;
				ENABLE_STRICT_OBJC_MSGSEND = YES;
				GCC_C_LANGUAGE_STANDARD = gnu11;
				GCC_NO_COMMON_BLOCKS = YES;
				GCC_WARN_64_TO_32_BIT_CONVERSION = YES;
				GCC_WARN_ABOUT_RETURN_TYPE = YES_ERROR;
				GCC_WARN_UNDECLARED_SELECTOR = YES;
				GCC_WARN_UNINITIALIZED_AUTOS = YES_AGGRESSIVE;
				GCC_WARN_UNUSED_FUNCTION = YES;
				GCC_WARN_UNUSED_VARIABLE = YES;
				IPHONEOS_DEPLOYMENT_TARGET = 12.2;
				MTL_ENABLE_DEBUG_INFO = NO;
				MTL_FAST_MATH = YES;
				SDKROOT = iphoneos;
				SWIFT_COMPILATION_MODE = wholemodule;
				SWIFT_OPTIMIZATION_LEVEL = "-O";
				VALIDATE_PRODUCT = YES;
			};
			name = Release;
		};
		46BDB996228C679A005697E5 /* Debug */ = {
			isa = XCBuildConfiguration;
			baseConfigurationReference = 1A01A01E72DD78FD8366B588 /* Pods-CookieDough.debug.xcconfig */;
			buildSettings = {
				ASSETCATALOG_COMPILER_APPICON_NAME = AppIcon;
				CLANG_ENABLE_MODULES = YES;
				CODE_SIGN_IDENTITY = "iPhone Developer";
				CODE_SIGN_STYLE = Automatic;
				DEVELOPMENT_TEAM = B74UQ7A9LZ;
				INFOPLIST_FILE = CookieDough/Info.plist;
				IPHONEOS_DEPLOYMENT_TARGET = 11.0;
				LD_RUNPATH_SEARCH_PATHS = (
					"$(inherited)",
					"@executable_path/Frameworks",
				);
				PRODUCT_BUNDLE_IDENTIFIER = com.Phonecheck.FaceIDRnD1;
				PRODUCT_NAME = "$(TARGET_NAME)";
				PROVISIONING_PROFILE_SPECIFIER = "";
				SWIFT_OBJC_BRIDGING_HEADER = "CookieDough/CookieDough-Bridging-Header.h";
				SWIFT_OPTIMIZATION_LEVEL = "-Onone";
				SWIFT_VERSION = 4.0;
				TARGETED_DEVICE_FAMILY = "1,2";
			};
			name = Debug;
		};
		46BDB997228C679A005697E5 /* Release */ = {
			isa = XCBuildConfiguration;
			baseConfigurationReference = DACF970D8874172CA1A8D414 /* Pods-CookieDough.release.xcconfig */;
			buildSettings = {
				ASSETCATALOG_COMPILER_APPICON_NAME = AppIcon;
				CLANG_ENABLE_MODULES = YES;
				CODE_SIGN_IDENTITY = "iPhone Developer";
				CODE_SIGN_STYLE = Automatic;
				DEVELOPMENT_TEAM = B74UQ7A9LZ;
				INFOPLIST_FILE = CookieDough/Info.plist;
				IPHONEOS_DEPLOYMENT_TARGET = 11.0;
				LD_RUNPATH_SEARCH_PATHS = (
					"$(inherited)",
					"@executable_path/Frameworks",
				);
				PRODUCT_BUNDLE_IDENTIFIER = com.Phonecheck.FaceIDRnD1;
				PRODUCT_NAME = "$(TARGET_NAME)";
				PROVISIONING_PROFILE_SPECIFIER = "";
				SWIFT_OBJC_BRIDGING_HEADER = "CookieDough/CookieDough-Bridging-Header.h";
				SWIFT_VERSION = 4.0;
				TARGETED_DEVICE_FAMILY = "1,2";
			};
			name = Release;
		};
/* End XCBuildConfiguration section */

/* Begin XCConfigurationList section */
		46BDB968228C6798005697E5 /* Build configuration list for PBXProject "CookieDough" */ = {
			isa = XCConfigurationList;
			buildConfigurations = (
				46BDB993228C679A005697E5 /* Debug */,
				46BDB994228C679A005697E5 /* Release */,
			);
			defaultConfigurationIsVisible = 0;
			defaultConfigurationName = Release;
		};
		46BDB995228C679A005697E5 /* Build configuration list for PBXNativeTarget "CookieDough" */ = {
			isa = XCConfigurationList;
			buildConfigurations = (
				46BDB996228C679A005697E5 /* Debug */,
				46BDB997228C679A005697E5 /* Release */,
			);
			defaultConfigurationIsVisible = 0;
			defaultConfigurationName = Release;
		};
/* End XCConfigurationList section */
	};
	rootObject = 46BDB965228C6798005697E5 /* Project object */;
}
